
Microsoft Visual Studio Solution File, Format Version 12.00
Project("{FAE04EC0-301F-11D3-BF4B-00C04F79EFBC}") = "LeetCode", "LeetCode\LeetCode.csproj", "{E5405638-6EE5-4B45-964F-2CE11CCB76D2}"
EndProject
Project("{FAE04EC0-301F-11D3-BF4B-00C04F79EFBC}") = "School", "School\School.csproj", "{A9C208A5-58A5-47E7-A9B4-15E601723E5C}"
EndProject
Project("{FAE04EC0-301F-11D3-BF4B-00C04F79EFBC}") = "Tinkoff", "Tinkoff\Tinkoff.csproj", "{145FDBE5-68DE-4F13-98EA-5265BF4DF489}"
EndProject
Global
	GlobalSection(SolutionConfigurationPlatforms) = preSolution
		Debug|Any CPU = Debug|Any CPU
		Release|Any CPU = Release|Any CPU
	EndGlobalSection
	GlobalSection(ProjectConfigurationPlatforms) = postSolution
		{E5405638-6EE5-4B45-964F-2CE11CCB76D2}.Debug|Any CPU.ActiveCfg = Debug|Any CPU
		{E5405638-6EE5-4B45-964F-2CE11CCB76D2}.Debug|Any CPU.Build.0 = Debug|Any CPU
		{E5405638-6EE5-4B45-964F-2CE11CCB76D2}.Release|Any CPU.ActiveCfg = Release|Any CPU
		{E5405638-6EE5-4B45-964F-2CE11CCB76D2}.Release|Any CPU.Build.0 = Release|Any CPU
		{A9C208A5-58A5-47E7-A9B4-15E601723E5C}.Debug|Any CPU.ActiveCfg = Debug|Any CPU
		{A9C208A5-58A5-47E7-A9B4-15E601723E5C}.Debug|Any CPU.Build.0 = Debug|Any CPU
		{A9C208A5-58A5-47E7-A9B4-15E601723E5C}.Release|Any CPU.ActiveCfg = Release|Any CPU
		{A9C208A5-58A5-47E7-A9B4-15E601723E5C}.Release|Any CPU.Build.0 = Release|Any CPU
		{145FDBE5-68DE-4F13-98EA-5265BF4DF489}.Debug|Any CPU.ActiveCfg = Debug|Any CPU
		{145FDBE5-68DE-4F13-98EA-5265BF4DF489}.Debug|Any CPU.Build.0 = Debug|Any CPU
		{145FDBE5-68DE-4F13-98EA-5265BF4DF489}.Release|Any CPU.ActiveCfg = Release|Any CPU
		{145FDBE5-68DE-4F13-98EA-5265BF4DF489}.Release|Any CPU.Build.0 = Release|Any CPU
	EndGlobalSection
EndGlobal
